
Microsoft Visual Studio Solution File, Format Version 12.00
# Visual Studio Version 17
VisualStudioVersion = 17.14.36518.9
MinimumVisualStudioVersion = 10.0.40219.1
Project("{FAE04EC0-301F-11D3-BF4B-00C04F79EFBC}") = "Property_and_Management", "Property_and_Management.csproj", "{705006EA-BFDA-4377-8C8A-E748A4C6F4D8}"
EndProject
Project("{2150E333-8FDC-42A3-9474-1A3956D46DE8}") = "Solution Items", "Solution Items", "{02EA681E-C7D8-13C7-8484-4AC65E1B71E8}"
	ProjectSection(SolutionItems) = preProject
		.editorconfig = .editorconfig
	EndProjectSection
EndProject
Project("{FAE04EC0-301F-11D3-BF4B-00C04F79EFBC}") = "NotificationServer", "..\NotificationServer\NotificationServer.csproj", "{A35C3376-D3E7-73B6-7024-A52B2EB2C712}"
EndProject
Project("{FAE04EC0-301F-11D3-BF4B-00C04F79EFBC}") = "ServerCommunication", "..\ServerCommunication\ServerCommunication.csproj", "{31E5ADCC-0246-855B-EB54-001FF05AE985}"
EndProject
Project("{FAE04EC0-301F-11D3-BF4B-00C04F79EFBC}") = "Property_and_Management.Tests", "..\Property_and_Management.Tests\Property_and_Management.Tests.csproj", "{B7C3E891-2F4D-4A6E-9C1B-1D3E5F7A8B9C}"
EndProject
Global
	GlobalSection(SolutionConfigurationPlatforms) = preSolution
		Debug|ARM64 = Debug|ARM64
		Debug|x64 = Debug|x64
		Debug|x86 = Debug|x86
		Release|ARM64 = Release|ARM64
		Release|x64 = Release|x64
		Release|x86 = Release|x86
	EndGlobalSection
	GlobalSection(ProjectConfigurationPlatforms) = postSolution
		{705006EA-BFDA-4377-8C8A-E748A4C6F4D8}.Debug|ARM64.ActiveCfg = Debug|ARM64
		{705006EA-BFDA-4377-8C8A-E748A4C6F4D8}.Debug|ARM64.Build.0 = Debug|ARM64
		{705006EA-BFDA-4377-8C8A-E748A4C6F4D8}.Debug|ARM64.Deploy.0 = Debug|ARM64
		{705006EA-BFDA-4377-8C8A-E748A4C6F4D8}.Debug|x64.ActiveCfg = Debug|x64
		{705006EA-BFDA-4377-8C8A-E748A4C6F4D8}.Debug|x64.Build.0 = Debug|x64
		{705006EA-BFDA-4377-8C8A-E748A4C6F4D8}.Debug|x64.Deploy.0 = Debug|x64
		{705006EA-BFDA-4377-8C8A-E748A4C6F4D8}.Debug|x86.ActiveCfg = Debug|x86
		{705006EA-BFDA-4377-8C8A-E748A4C6F4D8}.Debug|x86.Build.0 = Debug|x86
		{705006EA-BFDA-4377-8C8A-E748A4C6F4D8}.Debug|x86.Deploy.0 = Debug|x86
		{705006EA-BFDA-4377-8C8A-E748A4C6F4D8}.Release|ARM64.ActiveCfg = Release|ARM64
		{705006EA-BFDA-4377-8C8A-E748A4C6F4D8}.Release|ARM64.Build.0 = Release|ARM64
		{705006EA-BFDA-4377-8C8A-E748A4C6F4D8}.Release|ARM64.Deploy.0 = Release|ARM64
		{705006EA-BFDA-4377-8C8A-E748A4C6F4D8}.Release|x64.ActiveCfg = Release|x64
		{705006EA-BFDA-4377-8C8A-E748A4C6F4D8}.Release|x64.Build.0 = Release|x64
		{705006EA-BFDA-4377-8C8A-E748A4C6F4D8}.Release|x64.Deploy.0 = Release|x64
		{705006EA-BFDA-4377-8C8A-E748A4C6F4D8}.Release|x86.ActiveCfg = Release|x86
		{705006EA-BFDA-4377-8C8A-E748A4C6F4D8}.Release|x86.Build.0 = Release|x86
		{705006EA-BFDA-4377-8C8A-E748A4C6F4D8}.Release|x86.Deploy.0 = Release|x86
		{A35C3376-D3E7-73B6-7024-A52B2EB2C712}.Debug|ARM64.ActiveCfg = Debug|Any CPU
		{A35C3376-D3E7-73B6-7024-A52B2EB2C712}.Debug|ARM64.Build.0 = Debug|Any CPU
		{A35C3376-D3E7-73B6-7024-A52B2EB2C712}.Debug|x64.ActiveCfg = Debug|x64
		{A35C3376-D3E7-73B6-7024-A52B2EB2C712}.Debug|x64.Build.0 = Debug|x64
		{A35C3376-D3E7-73B6-7024-A52B2EB2C712}.Debug|x86.ActiveCfg = Debug|Any CPU
		{A35C3376-D3E7-73B6-7024-A52B2EB2C712}.Debug|x86.Build.0 = Debug|Any CPU
		{A35C3376-D3E7-73B6-7024-A52B2EB2C712}.Release|ARM64.ActiveCfg = Release|Any CPU
		{A35C3376-D3E7-73B6-7024-A52B2EB2C712}.Release|ARM64.Build.0 = Release|Any CPU
		{A35C3376-D3E7-73B6-7024-A52B2EB2C712}.Release|x64.ActiveCfg = Release|Any CPU
		{A35C3376-D3E7-73B6-7024-A52B2EB2C712}.Release|x64.Build.0 = Release|Any CPU
		{A35C3376-D3E7-73B6-7024-A52B2EB2C712}.Release|x86.ActiveCfg = Release|Any CPU
		{A35C3376-D3E7-73B6-7024-A52B2EB2C712}.Release|x86.Build.0 = Release|Any CPU
		{31E5ADCC-0246-855B-EB54-001FF05AE985}.Debug|ARM64.ActiveCfg = Debug|Any CPU
		{31E5ADCC-0246-855B-EB54-001FF05AE985}.Debug|ARM64.Build.0 = Debug|Any CPU
		{31E5ADCC-0246-855B-EB54-001FF05AE985}.Debug|x64.ActiveCfg = Debug|x64
		{31E5ADCC-0246-855B-EB54-001FF05AE985}.Debug|x64.Build.0 = Debug|x64
		{31E5ADCC-0246-855B-EB54-001FF05AE985}.Debug|x86.ActiveCfg = Debug|Any CPU
		{31E5ADCC-0246-855B-EB54-001FF05AE985}.Debug|x86.Build.0 = Debug|Any CPU
		{31E5ADCC-0246-855B-EB54-001FF05AE985}.Release|ARM64.ActiveCfg = Release|Any CPU
		{31E5ADCC-0246-855B-EB54-001FF05AE985}.Release|ARM64.Build.0 = Release|Any CPU
		{31E5ADCC-0246-855B-EB54-001FF05AE985}.Release|x64.ActiveCfg = Release|Any CPU
		{31E5ADCC-0246-855B-EB54-001FF05AE985}.Release|x64.Build.0 = Release|Any CPU
		{31E5ADCC-0246-855B-EB54-001FF05AE985}.Release|x86.ActiveCfg = Release|Any CPU
		{31E5ADCC-0246-855B-EB54-001FF05AE985}.Release|x86.Build.0 = Release|Any CPU
		{B7C3E891-2F4D-4A6E-9C1B-1D3E5F7A8B9C}.Debug|ARM64.ActiveCfg = Debug|x64
		{B7C3E891-2F4D-4A6E-9C1B-1D3E5F7A8B9C}.Debug|x64.ActiveCfg = Debug|x64
		{B7C3E891-2F4D-4A6E-9C1B-1D3E5F7A8B9C}.Debug|x64.Build.0 = Debug|x64
		{B7C3E891-2F4D-4A6E-9C1B-1D3E5F7A8B9C}.Debug|x86.ActiveCfg = Debug|x64
		{B7C3E891-2F4D-4A6E-9C1B-1D3E5F7A8B9C}.Release|ARM64.ActiveCfg = Release|x64
		{B7C3E891-2F4D-4A6E-9C1B-1D3E5F7A8B9C}.Release|x64.ActiveCfg = Release|x64
		{B7C3E891-2F4D-4A6E-9C1B-1D3E5F7A8B9C}.Release|x64.Build.0 = Release|x64
		{B7C3E891-2F4D-4A6E-9C1B-1D3E5F7A8B9C}.Release|x86.ActiveCfg = Release|x64
	EndGlobalSection
	GlobalSection(SolutionProperties) = preSolution
		HideSolutionNode = FALSE
	EndGlobalSection
	GlobalSection(ExtensibilityGlobals) = postSolution
		SolutionGuid = {600419FF-887F-433B-A443-2081E833A409}
	EndGlobalSection
EndGlobal
